<Solution>
  <Project Path="ZeroVision.Core/ZeroVision.Core.csproj" />
  <Project Path="ZeroVision.Host/ZeroVision.Host.csproj" />
  <Project Path="ZeroVision.Imaging/ZeroVision.Imaging.csproj" />
  <Project Path="ZeroVision.Plugins.FaceRestorer/ZeroVision.Plugins.FaceRestorer.csproj" />
  <Project Path="ZeroVision.Plugins.VisionTagger/ZeroVision.Plugins.VisionTagger.csproj" />
  <Project Path="ZeroVision.Plugins.Upscaler/ZeroVision.Plugins.Upscaler.csproj" />
  <Project Path="ZeroVision.Shared/ZeroVision.Shared.csproj" />
  <Project Path="ZeroVision.Tests/ZeroVision.Tests.csproj" />
</Solution>
